
Microsoft Visual Studio Solution File, Format Version 12.00
# Visual Studio Version 16
VisualStudioVersion = 16.0.30717.126
MinimumVisualStudioVersion = 10.0.40219.1
Project("{FAE04EC0-301F-11D3-BF4B-00C04F79EFBC}") = "VoiceChatServer", "MemoryServer2\VoiceChatServer.csproj", "{3851E680-0ADA-451E-8EA9-8D59B9FBE0E3}"
EndProject
Project("{FAE04EC0-301F-11D3-BF4B-00C04F79EFBC}") = "RSAKeyGenerator", "RSAKeyGenerator\RSAKeyGenerator.csproj", "{7A0243A4-96DD-4B29-ADAB-BAF18084BED3}"
EndProject
Project("{FAE04EC0-301F-11D3-BF4B-00C04F79EFBC}") = "MemoryClient", "..\MemoryApp\MemoryClient\MemoryClient.csproj", "{333609E1-985A-4C2F-87D8-1097CB694AB7}"
EndProject
Global
	GlobalSection(SolutionConfigurationPlatforms) = preSolution
		Debug|Any CPU = Debug|Any CPU
		Release|Any CPU = Release|Any CPU
	EndGlobalSection
	GlobalSection(ProjectConfigurationPlatforms) = postSolution
		{3851E680-0ADA-451E-8EA9-8D59B9FBE0E3}.Debug|Any CPU.ActiveCfg = Debug|Any CPU
		{3851E680-0ADA-451E-8EA9-8D59B9FBE0E3}.Debug|Any CPU.Build.0 = Debug|Any CPU
		{3851E680-0ADA-451E-8EA9-8D59B9FBE0E3}.Release|Any CPU.ActiveCfg = Release|Any CPU
		{3851E680-0ADA-451E-8EA9-8D59B9FBE0E3}.Release|Any CPU.Build.0 = Release|Any CPU
		{7A0243A4-96DD-4B29-ADAB-BAF18084BED3}.Debug|Any CPU.ActiveCfg = Debug|Any CPU
		{7A0243A4-96DD-4B29-ADAB-BAF18084BED3}.Debug|Any CPU.Build.0 = Debug|Any CPU
		{7A0243A4-96DD-4B29-ADAB-BAF18084BED3}.Release|Any CPU.ActiveCfg = Release|Any CPU
		{7A0243A4-96DD-4B29-ADAB-BAF18084BED3}.Release|Any CPU.Build.0 = Release|Any CPU
		{333609E1-985A-4C2F-87D8-1097CB694AB7}.Debug|Any CPU.ActiveCfg = Debug|Any CPU
		{333609E1-985A-4C2F-87D8-1097CB694AB7}.Debug|Any CPU.Build.0 = Debug|Any CPU
		{333609E1-985A-4C2F-87D8-1097CB694AB7}.Release|Any CPU.ActiveCfg = Release|Any CPU
		{333609E1-985A-4C2F-87D8-1097CB694AB7}.Release|Any CPU.Build.0 = Release|Any CPU
	EndGlobalSection
	GlobalSection(SolutionProperties) = preSolution
		HideSolutionNode = FALSE
	EndGlobalSection
	GlobalSection(ExtensibilityGlobals) = postSolution
		SolutionGuid = {D62C36C4-8ED5-4A7A-AF7F-809BBF8506CF}
	EndGlobalSection
EndGlobal
